
Microsoft Visual Studio Solution File, Format Version 12.00
# Visual Studio Version 16
VisualStudioVersion = 16.0.30907.101
MinimumVisualStudioVersion = 10.0.40219.1
Project("{FAE04EC0-301F-11D3-BF4B-00C04F79EFBC}") = "ClassMethodDemo", "ClassMethodDemo\ClassMethodDemo.csproj", "{3FC1DD02-FFF1-4D8F-B375-9635FE15A8DB}"
EndProject
Global
	GlobalSection(SolutionConfigurationPlatforms) = preSolution
		Debug|Any CPU = Debug|Any CPU
		Release|Any CPU = Release|Any CPU
	EndGlobalSection
	GlobalSection(ProjectConfigurationPlatforms) = postSolution
		{3FC1DD02-FFF1-4D8F-B375-9635FE15A8DB}.Debug|Any CPU.ActiveCfg = Debug|Any CPU
		{3FC1DD02-FFF1-4D8F-B375-9635FE15A8DB}.Debug|Any CPU.Build.0 = Debug|Any CPU
		{3FC1DD02-FFF1-4D8F-B375-9635FE15A8DB}.Release|Any CPU.ActiveCfg = Release|Any CPU
		{3FC1DD02-FFF1-4D8F-B375-9635FE15A8DB}.Release|Any CPU.Build.0 = Release|Any CPU
	EndGlobalSection
	GlobalSection(SolutionProperties) = preSolution
		HideSolutionNode = FALSE
	EndGlobalSection
	GlobalSection(ExtensibilityGlobals) = postSolution
		SolutionGuid = {33BF5C4F-021A-4F95-B03D-88493EF49F55}
	EndGlobalSection
EndGlobal
